
Microsoft Visual Studio Solution File, Format Version 12.00
# Visual Studio Version 17
VisualStudioVersion = 17.4.33205.214
MinimumVisualStudioVersion = 10.0.40219.1
Project("{FAE04EC0-301F-11D3-BF4B-00C04F79EFBC}") = "Asp_docker", "Asp_docker.csproj", "{D57A30E1-DC50-49F5-B76B-2AFF3DA47699}"
EndProject
Global
	GlobalSection(SolutionConfigurationPlatforms) = preSolution
		Debug|Any CPU = Debug|Any CPU
		Release|Any CPU = Release|Any CPU
	EndGlobalSection
	GlobalSection(ProjectConfigurationPlatforms) = postSolution
		{D57A30E1-DC50-49F5-B76B-2AFF3DA47699}.Debug|Any CPU.ActiveCfg = Debug|Any CPU
		{D57A30E1-DC50-49F5-B76B-2AFF3DA47699}.Debug|Any CPU.Build.0 = Debug|Any CPU
		{D57A30E1-DC50-49F5-B76B-2AFF3DA47699}.Release|Any CPU.ActiveCfg = Release|Any CPU
		{D57A30E1-DC50-49F5-B76B-2AFF3DA47699}.Release|Any CPU.Build.0 = Release|Any CPU
	EndGlobalSection
	GlobalSection(SolutionProperties) = preSolution
		HideSolutionNode = FALSE
	EndGlobalSection
	GlobalSection(ExtensibilityGlobals) = postSolution
		SolutionGuid = {BCF57A3E-E6E2-4AC0-8436-6F32AFA10F6E}
	EndGlobalSection
EndGlobal
